
Microsoft Visual Studio Solution File, Format Version 12.00
# Visual Studio Version 17
VisualStudioVersion = 17.2.32602.215
MinimumVisualStudioVersion = 10.0.40219.1
Project("{FAE04EC0-301F-11D3-BF4B-00C04F79EFBC}") = "DirectScaleBraintree", "DirectScaleBraintree\DirectScaleBraintree.csproj", "{940BAD58-F0E6-41ED-B1C7-24590DD0425A}"
EndProject
Global
	GlobalSection(SolutionConfigurationPlatforms) = preSolution
		Debug|Any CPU = Debug|Any CPU
		Release|Any CPU = Release|Any CPU
	EndGlobalSection
	GlobalSection(ProjectConfigurationPlatforms) = postSolution
		{940BAD58-F0E6-41ED-B1C7-24590DD0425A}.Debug|Any CPU.ActiveCfg = Debug|Any CPU
		{940BAD58-F0E6-41ED-B1C7-24590DD0425A}.Debug|Any CPU.Build.0 = Debug|Any CPU
		{940BAD58-F0E6-41ED-B1C7-24590DD0425A}.Release|Any CPU.ActiveCfg = Release|Any CPU
		{940BAD58-F0E6-41ED-B1C7-24590DD0425A}.Release|Any CPU.Build.0 = Release|Any CPU
	EndGlobalSection
	GlobalSection(SolutionProperties) = preSolution
		HideSolutionNode = FALSE
	EndGlobalSection
	GlobalSection(ExtensibilityGlobals) = postSolution
		SolutionGuid = {F8CCF4A5-306A-425A-B71F-1572016E4F4D}
	EndGlobalSection
EndGlobal
